
Microsoft Visual Studio Solution File, Format Version 12.00
# Visual Studio Version 17
VisualStudioVersion = 17.7.34003.232
MinimumVisualStudioVersion = 10.0.40219.1
Project("{FAE04EC0-301F-11D3-BF4B-00C04F79EFBC}") = "MyWeb1", "MyWeb1\MyWeb1.csproj", "{CE8DD111-D460-4743-A9E3-9902E3A80736}"
EndProject
Global
	GlobalSection(SolutionConfigurationPlatforms) = preSolution
		Debug|Any CPU = Debug|Any CPU
		Release|Any CPU = Release|Any CPU
	EndGlobalSection
	GlobalSection(ProjectConfigurationPlatforms) = postSolution
		{CE8DD111-D460-4743-A9E3-9902E3A80736}.Debug|Any CPU.ActiveCfg = Debug|Any CPU
		{CE8DD111-D460-4743-A9E3-9902E3A80736}.Debug|Any CPU.Build.0 = Debug|Any CPU
		{CE8DD111-D460-4743-A9E3-9902E3A80736}.Release|Any CPU.ActiveCfg = Release|Any CPU
		{CE8DD111-D460-4743-A9E3-9902E3A80736}.Release|Any CPU.Build.0 = Release|Any CPU
	EndGlobalSection
	GlobalSection(SolutionProperties) = preSolution
		HideSolutionNode = FALSE
	EndGlobalSection
	GlobalSection(ExtensibilityGlobals) = postSolution
		SolutionGuid = {73352BBA-8E7F-45F9-9922-5E5F9FE5DAD0}
	EndGlobalSection
EndGlobal
